<?xml version="1.0" encoding="UTF-8" standalone="yes" ?>
<CodeBlocks_project_file>
	<FileVersion major="1" minor="6" />
	<Project>
		<Option title="di_irr_meshbuffer" />
		<Option pch_mode="2" />
		<Option compiler="gcc" />
		<Build>
			<Target title="Debug">
				<Option output="di_irr_meshbuffer" prefix_auto="1" extension_auto="1" />
				<Option working_dir=".\" />
				<Option object_output=".\src\obj\Debug\" />
				<Option type="1" />
				<Option compiler="gcc" />
				<Compiler>
					<Add option="-g" />
				</Compiler>
				<Linker>
					<Add library="GL" />
					<Add library="GLU" />
					<Add library="Xxf86vm" />
					<Add library="X11" />
				</Linker>
			</Target>
			<Target title="Release">
				<Option output="di_irr_meshbuffer" prefix_auto="1" extension_auto="1" />
				<Option working_dir=".\" />
				<Option object_output=".\src\obj\Release\" />
				<Option type="0" />
				<Option compiler="gcc" />
				<Compiler>
					<Add option="-O2" />
				</Compiler>
				<Linker>
					<Add option="-s" />
					<Add library="GL" />
					<Add library="GLU" />
					<Add library="Xxf86vm" />
					<Add library="X11" />
				</Linker>
			</Target>
			<Target title="Windows_D">
				<Option platforms="Windows;" />
				<Option output="di_irr_meshbuffer" prefix_auto="0" extension_auto="1" />
				<Option working_dir=".\" />
				<Option object_output=".\src\obj\Debug\" />
				<Option type="1" />
				<Option compiler="gcc" />
				<Compiler>
					<Add option="-g" />
				</Compiler>
			</Target>
		</Build>
		<Compiler>
			<Add option="-Wall" />
			<Add directory="$(#irr.include)" />
			<Add directory="src\" />
		</Compiler>
		<Linker>
			<Add library="Irrlicht" />
			<Add directory="$(#irr.lib)" />
		</Linker>
		<Unit filename="main.cpp" />
		<Unit filename="src\cDevice.h" />
		<Unit filename="src\cDiMeshBuffer.h" />
		<Unit filename="src\cFlags.h" />
		<Unit filename="src\cGlobalMatrix.h" />
		<Unit filename="src\cLogger.h" />
		<Unit filename="src\cPerlinNoise.h" />
		<Unit filename="src\cReceiver.h" />
		<Unit filename="src\cUtilities.h" />
		<Unit filename="src\defines.h" />
		<Unit filename="version.h" />
		<Extensions>
			<code_completion />
			<envvars />
			<lib_finder disable_auto="1" />
			<debugger />
			<AutoVersioning>
				<Scheme minor_max="100" build_max="0" rev_max="0" rev_rand_max="10" build_times_to_increment_minor="100" />
				<Settings autoincrement="1" date_declarations="1" do_auto_increment="1" ask_to_increment="0" language="C++" svn="0" svn_directory="" header_path="version.h" />
				<Changes_Log show_changes_editor="0" app_title="released version %M.%m.%b of %p" changeslog_path="ChangesLog.txt" />
				<Code header_guard="VERSION_H" namespace="AutoVersion" prefix="" />
			</AutoVersioning>
		</Extensions>
	</Project>
</CodeBlocks_project_file>
